// !$*UTF8*$!
{
	archiveVersion = 1;
	classes = {
	};
	objectVersion = 46;
	objects = {

/* Begin PBXBuildFile section */
		ABC6F31E1EB6907B00ABC9CE /* AppDelegate.swift in Sources */ = {isa = PBXBuildFile; fileRef = ABC6F31D1EB6907B00ABC9CE /* AppDelegate.swift */; };
		ABC6F3201EB6907B00ABC9CE /* ViewController.swift in Sources */ = {isa = PBXBuildFile; fileRef = ABC6F31F1EB6907B00ABC9CE /* ViewController.swift */; };
		ABC6F3231EB6907B00ABC9CE /* Main.storyboard in Resources */ = {isa = PBXBuildFile; fileRef = ABC6F3211EB6907B00ABC9CE /* Main.storyboard */; };
		ABC6F3251EB6907B00ABC9CE /* Assets.xcassets in Resources */ = {isa = PBXBuildFile; fileRef = ABC6F3241EB6907B00ABC9CE /* Assets.xcassets */; };
		ABC6F3281EB6907B00ABC9CE /* LaunchScreen.storyboard in Resources */ = {isa = PBXBuildFile; fileRef = ABC6F3261EB6907B00ABC9CE /* LaunchScreen.storyboard */; };
/* End PBXBuildFile section */

/* Begin PBXFileReference section */
		ABC6F31A1EB6907B00ABC9CE /* SaveTheKittens.app */ = {isa = PBXFileReference; explicitFileType = wrapper.application; includeInIndex = 0; path = SaveTheKittens.app; sourceTree = BUILT_PRODUCTS_DIR; };
		ABC6F31D1EB6907B00ABC9CE /* AppDelegate.swift */ = {isa = PBXFileReference; lastKnownFileType = sourcecode.swift; path = AppDelegate.swift; sourceTree = "<group>"; };
		ABC6F31F1EB6907B00ABC9CE /* ViewController.swift */ = {isa = PBXFileReference; lastKnownFileType = sourcecode.swift; path = ViewController.swift; sourceTree = "<group>"; };
		ABC6F3221EB6907B00ABC9CE /* Base */ = {isa = PBXFileReference; lastKnownFileType = file.storyboard; name = Base; path = Base.lproj/Main.storyboard; sourceTree = "<group>"; };
		ABC6F3241EB6907B00ABC9CE /* Assets.xcassets */ = {isa = PBXFileReference; lastKnownFileType = folder.assetcatalog; path = Assets.xcassets; sourceTree = "<group>"; };
		ABC6F3271EB6907B00ABC9CE /* Base */ = {isa = PBXFileReference; lastKnownFileType = file.storyboard; name = Base; path = Base.lproj/LaunchScreen.storyboard; sourceTree = "<group>"; };
		ABC6F3291EB6907B00ABC9CE /* Info.plist */ = {isa = PBXFileReference; lastKnownFileType = text.plist.xml; path = Info.plist; sourceTree = "<group>"; };
/* End PBXFileReference section */

/* Begin PBXFrameworksBuildPhase section */
		ABC6F3171EB6907B00ABC9CE /* Frameworks */ = {
			isa = PBXFrameworksBuildPhase;
			buildActionMask = 2147483647;
			files = (
			);
			runOnlyForDeploymentPostprocessing = 0;
		};
/* End PBXFrameworksBuildPhase section */

/* Begin PBXGroup section */
		ABC6F3111EB6907B00ABC9CE = {
			isa = PBXGroup;
			children = (
				ABC6F31C1EB6907B00ABC9CE /* SaveTheKittens */,
				ABC6F31B1EB6907B00ABC9CE /* Products */,
			);
			sourceTree = "<group>";
		};
		ABC6F31B1EB6907B00ABC9CE /* Products */ = {
			isa = PBXGroup;
			children = (
				ABC6F31A1EB6907B00ABC9CE /* SaveTheKittens.app */,
			);
			name = Products;
			sourceTree = "<group>";
		};
		ABC6F31C1EB6907B00ABC9CE /* SaveTheKittens */ = {
			isa = PBXGroup;
			children = (
				ABC6F31D1EB6907B00ABC9CE /* AppDelegate.swift */,
				ABC6F31F1EB6907B00ABC9CE /* ViewController.swift */,
				ABC6F3211EB6907B00ABC9CE /* Main.storyboard */,
				ABC6F3241EB6907B00ABC9CE /* Assets.xcassets */,
				ABC6F3261EB6907B00ABC9CE /* LaunchScreen.storyboard */,
				ABC6F3291EB6907B00ABC9CE /* Info.plist */,
			);
			path = SaveTheKittens;
			sourceTree = "<group>";
		};
/* End PBXGroup section */

/* Begin PBXNativeTarget section */
		ABC6F3191EB6907B00ABC9CE /* SaveTheKittens */ = {
			isa = PBXNativeTarget;
			buildConfigurationList = ABC6F32C1EB6907B00ABC9CE /* Build configuration list for PBXNativeTarget "SaveTheKittens" */;
			buildPhases = (
				ABC6F3161EB6907B00ABC9CE /* Sources */,
				ABC6F3171EB6907B00ABC9CE /* Frameworks */,
				ABC6F3181EB6907B00ABC9CE /* Resources */,
			);
			buildRules = (
			);
			dependencies = (
			);
			name = SaveTheKittens;
			productName = SaveTheKittens;
			productReference = ABC6F31A1EB6907B00ABC9CE /* SaveTheKittens.app */;
			productType = "com.apple.product-type.application";
		};
/* End PBXNativeTarget section */

/* Begin PBXProject section */
		ABC6F3121EB6907B00ABC9CE /* Project object */ = {
			isa = PBXProject;
			attributes = {
				LastSwiftUpdateCheck = 0820;
				LastUpgradeCheck = 0820;
				ORGANIZATIONNAME = "Roberto Amavizca";
				TargetAttributes = {
					ABC6F3191EB6907B00ABC9CE = {
						CreatedOnToolsVersion = 8.2.1;
						ProvisioningStyle = Automatic;
					};
				};
			};
			buildConfigurationList = ABC6F3151EB6907B00ABC9CE /* Build configuration list for PBXProject "SaveTheKittens" */;
			compatibilityVersion = "Xcode 3.2";
			developmentRegion = English;
			hasScannedForEncodings = 0;
			knownRegions = (
				en,
				Base,
			);
			mainGroup = ABC6F3111EB6907B00ABC9CE;
			productRefGroup = ABC6F31B1EB6907B00ABC9CE /* Products */;
			projectDirPath = "";
			projectRoot = "";
			targets = (
				ABC6F3191EB6907B00ABC9CE /* SaveTheKittens */,
			);
		};
/* End PBXProject section */

/* Begin PBXResourcesBuildPhase section */
		ABC6F3181EB6907B00ABC9CE /* Resources */ = {
			isa = PBXResourcesBuildPhase;
			buildActionMask = 2147483647;
			files = (
				ABC6F3281EB6907B00ABC9CE /* LaunchScreen.storyboard in Resources */,
				ABC6F3251EB6907B00ABC9CE /* Assets.xcassets in Resources */,
				ABC6F3231EB6907B00ABC9CE /* Main.storyboard in Resources */,
			);
			runOnlyForDeploymentPostprocessing = 0;
		};
/* End PBXResourcesBuildPhase section */

/* Begin PBXSourcesBuildPhase section */
		ABC6F3161EB6907B00ABC9CE /* Sources */ = {
			isa = PBXSourcesBuildPhase;
			buildActionMask = 2147483647;
			files = (
				ABC6F3201EB6907B00ABC9CE /* ViewController.swift in Sources */,
				ABC6F31E1EB6907B00ABC9CE /* AppDelegate.swift in Sources */,
			);
			runOnlyForDeploymentPostprocessing = 0;
		};
/* End PBXSourcesBuildPhase section */

/* Begin PBXVariantGroup section */
		ABC6F3211EB6907B00ABC9CE /* Main.storyboard */ = {
			isa = PBXVariantGroup;
			children = (
				ABC6F3221EB6907B00ABC9CE /* Base */,
			);
			name = Main.storyboard;
			sourceTree = "<group>";
		};
		ABC6F3261EB6907B00ABC9CE /* LaunchScreen.storyboard */ = {
			isa = PBXVariantGroup;
			children = (
				ABC6F3271EB6907B00ABC9CE /* Base */,
			);
			name = LaunchScreen.storyboard;
			sourceTree = "<group>";
		};
/* End PBXVariantGroup section */

/* Begin XCBuildConfiguration section */
		ABC6F32A1EB6907B00ABC9CE /* Debug */ = {
			isa = XCBuildConfiguration;
			buildSettings = {
				ALWAYS_SEARCH_USER_PATHS = NO;
				CLANG_ANALYZER_NONNULL = YES;
				CLANG_CXX_LANGUAGE_STANDARD = "gnu++0x";
				CLANG_CXX_LIBRARY = "libc++";
				CLANG_ENABLE_MODULES = YES;
				CLANG_ENABLE_OBJC_ARC = YES;
				CLANG_WARN_BOOL_CONVERSION = YES;
				CLANG_WARN_CONSTANT_CONVERSION = YES;
				CLANG_WARN_DIRECT_OBJC_ISA_USAGE = YES_ERROR;
				CLANG_WARN_DOCUMENTATION_COMMENTS = YES;
				CLANG_WARN_EMPTY_BODY = YES;
				CLANG_WARN_ENUM_CONVERSION = YES;
				CLANG_WARN_INFINITE_RECURSION = YES;
				CLANG_WARN_INT_CONVERSION = YES;
				CLANG_WARN_OBJC_ROOT_CLASS = YES_ERROR;
				CLANG_WARN_SUSPICIOUS_MOVE = YES;
				CLANG_WARN_UNREACHABLE_CODE = YES;
				CLANG_WARN__DUPLICATE_METHOD_MATCH = YES;
				"CODE_SIGN_IDENTITY[sdk=iphoneos*]" = "iPhone Developer";
				COPY_PHASE_STRIP = NO;
				DEBUG_INFORMATION_FORMAT = dwarf;
				ENABLE_STRICT_OBJC_MSGSEND = YES;
				ENABLE_TESTABILITY = YES;
				GCC_C_LANGUAGE_STANDARD = gnu99;
				GCC_DYNAMIC_NO_PIC = NO;
				GCC_NO_COMMON_BLOCKS = YES;
				GCC_OPTIMIZATION_LEVEL = 0;
				GCC_PREPROCESSOR_DEFINITIONS = (
					"DEBUG=1",
					"$(inherited)",
				);
				GCC_WARN_64_TO_32_BIT_CONVERSION = YES;
				GCC_WARN_ABOUT_RETURN_TYPE = YES_ERROR;
				GCC_WARN_UNDECLARED_SELECTOR = YES;
				GCC_WARN_UNINITIALIZED_AUTOS = YES_AGGRESSIVE;
				GCC_WARN_UNUSED_FUNCTION = YES;
				GCC_WARN_UNUSED_VARIABLE = YES;
				IPHONEOS_DEPLOYMENT_TARGET = 10.2;
				MTL_ENABLE_DEBUG_INFO = YES;
				ONLY_ACTIVE_ARCH = YES;
				SDKROOT = iphoneos;
				SWIFT_ACTIVE_COMPILATION_CONDITIONS = DEBUG;
				SWIFT_OPTIMIZATION_LEVEL = "-Onone";
				TARGETED_DEVICE_FAMILY = "1,2";
			};
			name = Debug;
		};
		ABC6F32B1EB6907B00ABC9CE /* Release */ = {
			isa = XCBuildConfiguration;
			buildSettings = {
				ALWAYS_SEARCH_USER_PATHS = NO;
				CLANG_ANALYZER_NONNULL = YES;
				CLANG_CXX_LANGUAGE_STANDARD = "gnu++0x";
				CLANG_CXX_LIBRARY = "libc++";
				CLANG_ENABLE_MODULES = YES;
				CLANG_ENABLE_OBJC_ARC = YES;
				CLANG_WARN_BOOL_CONVERSION = YES;
				CLANG_WARN_CONSTANT_CONVERSION = YES;
				CLANG_WARN_DIRECT_OBJC_ISA_USAGE = YES_ERROR;
				CLANG_WARN_DOCUMENTATION_COMMENTS = YES;
				CLANG_WARN_EMPTY_BODY = YES;
				CLANG_WARN_ENUM_CONVERSION = YES;
				CLANG_WARN_INFINITE_RECURSION = YES;
				CLANG_WARN_INT_CONVERSION = YES;
				CLANG_WARN_OBJC_ROOT_CLASS = YES_ERROR;
				CLANG_WARN_SUSPICIOUS_MOVE = YES;
				CLANG_WARN_UNREACHABLE_CODE = YES;
				CLANG_WARN__DUPLICATE_METHOD_MATCH = YES;
				"CODE_SIGN_IDENTITY[sdk=iphoneos*]" = "iPhone Developer";
				COPY_PHASE_STRIP = NO;
				DEBUG_INFORMATION_FORMAT = "dwarf-with-dsym";
				ENABLE_NS_ASSERTIONS = NO;
				ENABLE_STRICT_OBJC_MSGSEND = YES;
				GCC_C_LANGUAGE_STANDARD = gnu99;
				GCC_NO_COMMON_BLOCKS = YES;
				GCC_WARN_64_TO_32_BIT_CONVERSION = YES;
				GCC_WARN_ABOUT_RETURN_TYPE = YES_ERROR;
				GCC_WARN_UNDECLARED_SELECTOR = YES;
				GCC_WARN_UNINITIALIZED_AUTOS = YES_AGGRESSIVE;
				GCC_WARN_UNUSED_FUNCTION = YES;
				GCC_WARN_UNUSED_VARIABLE = YES;
				IPHONEOS_DEPLOYMENT_TARGET = 10.2;
				MTL_ENABLE_DEBUG_INFO = NO;
				SDKROOT = iphoneos;
				SWIFT_OPTIMIZATION_LEVEL = "-Owholemodule";
				TARGETED_DEVICE_FAMILY = "1,2";
				VALIDATE_PRODUCT = YES;
			};
			name = Release;
		};
		ABC6F32D1EB6907B00ABC9CE /* Debug */ = {
			isa = XCBuildConfiguration;
			buildSettings = {
				ASSETCATALOG_COMPILER_APPICON_NAME = AppIcon;
				INFOPLIST_FILE = SaveTheKittens/Info.plist;
				LD_RUNPATH_SEARCH_PATHS = "$(inherited) @executable_path/Frameworks";
				PRODUCT_BUNDLE_IDENTIFIER = training.SaveTheKittens;
				PRODUCT_NAME = "$(TARGET_NAME)";
				SWIFT_VERSION = 3.0;
			};
			name = Debug;
		};
		ABC6F32E1EB6907B00ABC9CE /* Release */ = {
			isa = XCBuildConfiguration;
			buildSettings = {
				ASSETCATALOG_COMPILER_APPICON_NAME = AppIcon;
				INFOPLIST_FILE = SaveTheKittens/Info.plist;
				LD_RUNPATH_SEARCH_PATHS = "$(inherited) @executable_path/Frameworks";
				PRODUCT_BUNDLE_IDENTIFIER = training.SaveTheKittens;
				PRODUCT_NAME = "$(TARGET_NAME)";
				SWIFT_VERSION = 3.0;
			};
			name = Release;
		};
/* End XCBuildConfiguration section */

/* Begin XCConfigurationList section */
		ABC6F3151EB6907B00ABC9CE /* Build configuration list for PBXProject "SaveTheKittens" */ = {
			isa = XCConfigurationList;
			buildConfigurations = (
				ABC6F32A1EB6907B00ABC9CE /* Debug */,
				ABC6F32B1EB6907B00ABC9CE /* Release */,
			);
			defaultConfigurationIsVisible = 0;
			defaultConfigurationName = Release;
		};
		ABC6F32C1EB6907B00ABC9CE /* Build configuration list for PBXNativeTarget "SaveTheKittens" */ = {
			isa = XCConfigurationList;
			buildConfigurations = (
				ABC6F32D1EB6907B00ABC9CE /* Debug */,
				ABC6F32E1EB6907B00ABC9CE /* Release */,
			);
			defaultConfigurationIsVisible = 0;
		};
/* End XCConfigurationList section */
	};
	rootObject = ABC6F3121EB6907B00ABC9CE /* Project object */;
}
